
Microsoft Visual Studio Solution File, Format Version 12.00
# Visual Studio Version 16
VisualStudioVersion = 25.0.1700.7
MinimumVisualStudioVersion = 10.0.40219.1
Project("{FAE04EC0-301F-11D3-BF4B-00C04F79EFBC}") = "superShop_API", "superShop_API.csproj", "{A954A040-934B-47CF-B03D-196FFD073575}"
EndProject
Global
	GlobalSection(SolutionConfigurationPlatforms) = preSolution
		Debug|Any CPU = Debug|Any CPU
		Release|Any CPU = Release|Any CPU
	EndGlobalSection
	GlobalSection(ProjectConfigurationPlatforms) = postSolution
		{A954A040-934B-47CF-B03D-196FFD073575}.Debug|Any CPU.ActiveCfg = Debug|Any CPU
		{A954A040-934B-47CF-B03D-196FFD073575}.Debug|Any CPU.Build.0 = Debug|Any CPU
		{A954A040-934B-47CF-B03D-196FFD073575}.Release|Any CPU.ActiveCfg = Release|Any CPU
		{A954A040-934B-47CF-B03D-196FFD073575}.Release|Any CPU.Build.0 = Release|Any CPU
	EndGlobalSection
	GlobalSection(SolutionProperties) = preSolution
		HideSolutionNode = FALSE
	EndGlobalSection
	GlobalSection(ExtensibilityGlobals) = postSolution
		SolutionGuid = {C636DFDA-645F-415D-9B3C-42E05CC8830D}
	EndGlobalSection
EndGlobal
